// !$*UTF8*$!
{
	archiveVersion = 1;
	classes = {
	};
	objectVersion = 55;
	objects = {

/* Begin PBXBuildFile section */
		A075E78D28D4D4A9009BAA3D /* FollowerListVC.swift in Sources */ = {isa = PBXBuildFile; fileRef = A075E78C28D4D4A9009BAA3D /* FollowerListVC.swift */; };
		A075E78F28D4DE60009BAA3D /* StringExtension.swift in Sources */ = {isa = PBXBuildFile; fileRef = A075E78E28D4DE60009BAA3D /* StringExtension.swift */; };
		A078A10928D8E05E00BA7AAB /* GFTitleLabel.swift in Sources */ = {isa = PBXBuildFile; fileRef = A078A10828D8E05E00BA7AAB /* GFTitleLabel.swift */; };
		A078A10B28D8E22100BA7AAB /* GFBodyLabel.swift in Sources */ = {isa = PBXBuildFile; fileRef = A078A10A28D8E22100BA7AAB /* GFBodyLabel.swift */; };
		A078A10D28D8E2E100BA7AAB /* GFAlertVC.swift in Sources */ = {isa = PBXBuildFile; fileRef = A078A10C28D8E2E100BA7AAB /* GFAlertVC.swift */; };
		A078A10F28D8E8EC00BA7AAB /* UIViewController+Ext.swift in Sources */ = {isa = PBXBuildFile; fileRef = A078A10E28D8E8EC00BA7AAB /* UIViewController+Ext.swift */; };
		A078A11628D9003A00BA7AAB /* Follower.swift in Sources */ = {isa = PBXBuildFile; fileRef = A078A11528D9003A00BA7AAB /* Follower.swift */; };
		A078A11828D9010900BA7AAB /* User.swift in Sources */ = {isa = PBXBuildFile; fileRef = A078A11728D9010900BA7AAB /* User.swift */; };
		A078A11B28D9052500BA7AAB /* NetworkManager.swift in Sources */ = {isa = PBXBuildFile; fileRef = A078A11A28D9052500BA7AAB /* NetworkManager.swift */; };
		A078A11E28D99C3B00BA7AAB /* ErrorMessage.swift in Sources */ = {isa = PBXBuildFile; fileRef = A078A11D28D99C3B00BA7AAB /* ErrorMessage.swift */; };
		A09A7A2D28D409E600F10F80 /* AppDelegate.swift in Sources */ = {isa = PBXBuildFile; fileRef = A09A7A2C28D409E600F10F80 /* AppDelegate.swift */; };
		A09A7A2F28D409E600F10F80 /* SceneDelegate.swift in Sources */ = {isa = PBXBuildFile; fileRef = A09A7A2E28D409E600F10F80 /* SceneDelegate.swift */; };
		A09A7A3628D409E900F10F80 /* Assets.xcassets in Resources */ = {isa = PBXBuildFile; fileRef = A09A7A3528D409E900F10F80 /* Assets.xcassets */; };
		A09A7A3928D409E900F10F80 /* LaunchScreen.storyboard in Resources */ = {isa = PBXBuildFile; fileRef = A09A7A3728D409E900F10F80 /* LaunchScreen.storyboard */; };
		A09A7A4128D40ED500F10F80 /* SearchVC.swift in Sources */ = {isa = PBXBuildFile; fileRef = A09A7A4028D40ED500F10F80 /* SearchVC.swift */; };
		A09A7A4328D40F0500F10F80 /* FavoriteListVC.swift in Sources */ = {isa = PBXBuildFile; fileRef = A09A7A4228D40F0500F10F80 /* FavoriteListVC.swift */; };
		A09A7A4528D4538200F10F80 /* GFButton.swift in Sources */ = {isa = PBXBuildFile; fileRef = A09A7A4428D4538200F10F80 /* GFButton.swift */; };
		A09A7A4728D4568700F10F80 /* GFTextField.swift in Sources */ = {isa = PBXBuildFile; fileRef = A09A7A4628D4568700F10F80 /* GFTextField.swift */; };
/* End PBXBuildFile section */

/* Begin PBXFileReference section */
		A075E78C28D4D4A9009BAA3D /* FollowerListVC.swift */ = {isa = PBXFileReference; lastKnownFileType = sourcecode.swift; path = FollowerListVC.swift; sourceTree = "<group>"; };
		A075E78E28D4DE60009BAA3D /* StringExtension.swift */ = {isa = PBXFileReference; lastKnownFileType = sourcecode.swift; path = StringExtension.swift; sourceTree = "<group>"; };
		A078A10828D8E05E00BA7AAB /* GFTitleLabel.swift */ = {isa = PBXFileReference; lastKnownFileType = sourcecode.swift; path = GFTitleLabel.swift; sourceTree = "<group>"; };
		A078A10A28D8E22100BA7AAB /* GFBodyLabel.swift */ = {isa = PBXFileReference; lastKnownFileType = sourcecode.swift; path = GFBodyLabel.swift; sourceTree = "<group>"; };
		A078A10C28D8E2E100BA7AAB /* GFAlertVC.swift */ = {isa = PBXFileReference; lastKnownFileType = sourcecode.swift; path = GFAlertVC.swift; sourceTree = "<group>"; };
		A078A10E28D8E8EC00BA7AAB /* UIViewController+Ext.swift */ = {isa = PBXFileReference; lastKnownFileType = sourcecode.swift; path = "UIViewController+Ext.swift"; sourceTree = "<group>"; };
		A078A11528D9003A00BA7AAB /* Follower.swift */ = {isa = PBXFileReference; lastKnownFileType = sourcecode.swift; path = Follower.swift; sourceTree = "<group>"; };
		A078A11728D9010900BA7AAB /* User.swift */ = {isa = PBXFileReference; lastKnownFileType = sourcecode.swift; path = User.swift; sourceTree = "<group>"; };
		A078A11A28D9052500BA7AAB /* NetworkManager.swift */ = {isa = PBXFileReference; lastKnownFileType = sourcecode.swift; path = NetworkManager.swift; sourceTree = "<group>"; };
		A078A11D28D99C3B00BA7AAB /* ErrorMessage.swift */ = {isa = PBXFileReference; lastKnownFileType = sourcecode.swift; path = ErrorMessage.swift; sourceTree = "<group>"; };
		A09A7A2928D409E600F10F80 /* GHFollowers.app */ = {isa = PBXFileReference; explicitFileType = wrapper.application; includeInIndex = 0; path = GHFollowers.app; sourceTree = BUILT_PRODUCTS_DIR; };
		A09A7A2C28D409E600F10F80 /* AppDelegate.swift */ = {isa = PBXFileReference; lastKnownFileType = sourcecode.swift; path = AppDelegate.swift; sourceTree = "<group>"; };
		A09A7A2E28D409E600F10F80 /* SceneDelegate.swift */ = {isa = PBXFileReference; lastKnownFileType = sourcecode.swift; path = SceneDelegate.swift; sourceTree = "<group>"; };
		A09A7A3528D409E900F10F80 /* Assets.xcassets */ = {isa = PBXFileReference; lastKnownFileType = folder.assetcatalog; path = Assets.xcassets; sourceTree = "<group>"; };
		A09A7A3828D409E900F10F80 /* Base */ = {isa = PBXFileReference; lastKnownFileType = file.storyboard; name = Base; path = Base.lproj/LaunchScreen.storyboard; sourceTree = "<group>"; };
		A09A7A3A28D409E900F10F80 /* Info.plist */ = {isa = PBXFileReference; lastKnownFileType = text.plist.xml; path = Info.plist; sourceTree = "<group>"; };
		A09A7A4028D40ED500F10F80 /* SearchVC.swift */ = {isa = PBXFileReference; lastKnownFileType = sourcecode.swift; path = SearchVC.swift; sourceTree = "<group>"; };
		A09A7A4228D40F0500F10F80 /* FavoriteListVC.swift */ = {isa = PBXFileReference; lastKnownFileType = sourcecode.swift; path = FavoriteListVC.swift; sourceTree = "<group>"; };
		A09A7A4428D4538200F10F80 /* GFButton.swift */ = {isa = PBXFileReference; lastKnownFileType = sourcecode.swift; path = GFButton.swift; sourceTree = "<group>"; };
		A09A7A4628D4568700F10F80 /* GFTextField.swift */ = {isa = PBXFileReference; lastKnownFileType = sourcecode.swift; path = GFTextField.swift; sourceTree = "<group>"; };
/* End PBXFileReference section */

/* Begin PBXFrameworksBuildPhase section */
		A09A7A2628D409E600F10F80 /* Frameworks */ = {
			isa = PBXFrameworksBuildPhase;
			buildActionMask = 2147483647;
			files = (
			);
			runOnlyForDeploymentPostprocessing = 0;
		};
/* End PBXFrameworksBuildPhase section */

/* Begin PBXGroup section */
		A078A11028D8FBE900BA7AAB /* Screens */ = {
			isa = PBXGroup;
			children = (
				A09A7A4028D40ED500F10F80 /* SearchVC.swift */,
				A09A7A4228D40F0500F10F80 /* FavoriteListVC.swift */,
				A075E78C28D4D4A9009BAA3D /* FollowerListVC.swift */,
			);
			path = Screens;
			sourceTree = "<group>";
		};
		A078A11128D8FC3B00BA7AAB /* Custom Views */ = {
			isa = PBXGroup;
			children = (
				A078A10C28D8E2E100BA7AAB /* GFAlertVC.swift */,
				A09A7A4428D4538200F10F80 /* GFButton.swift */,
				A09A7A4628D4568700F10F80 /* GFTextField.swift */,
				A078A10828D8E05E00BA7AAB /* GFTitleLabel.swift */,
				A078A10A28D8E22100BA7AAB /* GFBodyLabel.swift */,
			);
			path = "Custom Views";
			sourceTree = "<group>";
		};
		A078A11228D8FC6800BA7AAB /* Extensions */ = {
			isa = PBXGroup;
			children = (
				A075E78E28D4DE60009BAA3D /* StringExtension.swift */,
				A078A10E28D8E8EC00BA7AAB /* UIViewController+Ext.swift */,
			);
			path = Extensions;
			sourceTree = "<group>";
		};
		A078A11328D8FCD100BA7AAB /* Support */ = {
			isa = PBXGroup;
			children = (
				A09A7A2C28D409E600F10F80 /* AppDelegate.swift */,
				A09A7A2E28D409E600F10F80 /* SceneDelegate.swift */,
				A09A7A3528D409E900F10F80 /* Assets.xcassets */,
				A09A7A3728D409E900F10F80 /* LaunchScreen.storyboard */,
			);
			path = Support;
			sourceTree = "<group>";
		};
		A078A11428D9003300BA7AAB /* Model */ = {
			isa = PBXGroup;
			children = (
				A078A11528D9003A00BA7AAB /* Follower.swift */,
				A078A11728D9010900BA7AAB /* User.swift */,
			);
			path = Model;
			sourceTree = "<group>";
		};
		A078A11928D904FA00BA7AAB /* Managers */ = {
			isa = PBXGroup;
			children = (
				A078A11A28D9052500BA7AAB /* NetworkManager.swift */,
			);
			path = Managers;
			sourceTree = "<group>";
		};
		A078A11C28D99C2A00BA7AAB /* Utilities */ = {
			isa = PBXGroup;
			children = (
				A078A11D28D99C3B00BA7AAB /* ErrorMessage.swift */,
			);
			path = Utilities;
			sourceTree = "<group>";
		};
		A09A7A2028D409E600F10F80 = {
			isa = PBXGroup;
			children = (
				A09A7A2B28D409E600F10F80 /* GHFollowers */,
				A09A7A2A28D409E600F10F80 /* Products */,
			);
			sourceTree = "<group>";
		};
		A09A7A2A28D409E600F10F80 /* Products */ = {
			isa = PBXGroup;
			children = (
				A09A7A2928D409E600F10F80 /* GHFollowers.app */,
			);
			name = Products;
			sourceTree = "<group>";
		};
		A09A7A2B28D409E600F10F80 /* GHFollowers */ = {
			isa = PBXGroup;
			children = (
				A078A11C28D99C2A00BA7AAB /* Utilities */,
				A09A7A3A28D409E900F10F80 /* Info.plist */,
				A078A11928D904FA00BA7AAB /* Managers */,
				A078A11428D9003300BA7AAB /* Model */,
				A078A11128D8FC3B00BA7AAB /* Custom Views */,
				A078A11028D8FBE900BA7AAB /* Screens */,
				A078A11228D8FC6800BA7AAB /* Extensions */,
				A078A11328D8FCD100BA7AAB /* Support */,
			);
			path = GHFollowers;
			sourceTree = "<group>";
		};
/* End PBXGroup section */

/* Begin PBXNativeTarget section */
		A09A7A2828D409E600F10F80 /* GHFollowers */ = {
			isa = PBXNativeTarget;
			buildConfigurationList = A09A7A3D28D409E900F10F80 /* Build configuration list for PBXNativeTarget "GHFollowers" */;
			buildPhases = (
				A09A7A2528D409E600F10F80 /* Sources */,
				A09A7A2628D409E600F10F80 /* Frameworks */,
				A09A7A2728D409E600F10F80 /* Resources */,
			);
			buildRules = (
			);
			dependencies = (
			);
			name = GHFollowers;
			productName = GHFollowers;
			productReference = A09A7A2928D409E600F10F80 /* GHFollowers.app */;
			productType = "com.apple.product-type.application";
		};
/* End PBXNativeTarget section */

/* Begin PBXProject section */
		A09A7A2128D409E600F10F80 /* Project object */ = {
			isa = PBXProject;
			attributes = {
				BuildIndependentTargetsInParallel = 1;
				LastSwiftUpdateCheck = 1340;
				LastUpgradeCheck = 1340;
				TargetAttributes = {
					A09A7A2828D409E600F10F80 = {
						CreatedOnToolsVersion = 13.4.1;
					};
				};
			};
			buildConfigurationList = A09A7A2428D409E600F10F80 /* Build configuration list for PBXProject "GHFollowers" */;
			compatibilityVersion = "Xcode 13.0";
			developmentRegion = en;
			hasScannedForEncodings = 0;
			knownRegions = (
				en,
				Base,
			);
			mainGroup = A09A7A2028D409E600F10F80;
			productRefGroup = A09A7A2A28D409E600F10F80 /* Products */;
			projectDirPath = "";
			projectRoot = "";
			targets = (
				A09A7A2828D409E600F10F80 /* GHFollowers */,
			);
		};
/* End PBXProject section */

/* Begin PBXResourcesBuildPhase section */
		A09A7A2728D409E600F10F80 /* Resources */ = {
			isa = PBXResourcesBuildPhase;
			buildActionMask = 2147483647;
			files = (
				A09A7A3928D409E900F10F80 /* LaunchScreen.storyboard in Resources */,
				A09A7A3628D409E900F10F80 /* Assets.xcassets in Resources */,
			);
			runOnlyForDeploymentPostprocessing = 0;
		};
/* End PBXResourcesBuildPhase section */

/* Begin PBXSourcesBuildPhase section */
		A09A7A2528D409E600F10F80 /* Sources */ = {
			isa = PBXSourcesBuildPhase;
			buildActionMask = 2147483647;
			files = (
				A09A7A4728D4568700F10F80 /* GFTextField.swift in Sources */,
				A075E78D28D4D4A9009BAA3D /* FollowerListVC.swift in Sources */,
				A078A10F28D8E8EC00BA7AAB /* UIViewController+Ext.swift in Sources */,
				A09A7A4328D40F0500F10F80 /* FavoriteListVC.swift in Sources */,
				A09A7A4528D4538200F10F80 /* GFButton.swift in Sources */,
				A075E78F28D4DE60009BAA3D /* StringExtension.swift in Sources */,
				A078A11828D9010900BA7AAB /* User.swift in Sources */,
				A078A10D28D8E2E100BA7AAB /* GFAlertVC.swift in Sources */,
				A078A11628D9003A00BA7AAB /* Follower.swift in Sources */,
				A09A7A4128D40ED500F10F80 /* SearchVC.swift in Sources */,
				A078A10928D8E05E00BA7AAB /* GFTitleLabel.swift in Sources */,
				A09A7A2D28D409E600F10F80 /* AppDelegate.swift in Sources */,
				A078A11E28D99C3B00BA7AAB /* ErrorMessage.swift in Sources */,
				A078A11B28D9052500BA7AAB /* NetworkManager.swift in Sources */,
				A09A7A2F28D409E600F10F80 /* SceneDelegate.swift in Sources */,
				A078A10B28D8E22100BA7AAB /* GFBodyLabel.swift in Sources */,
			);
			runOnlyForDeploymentPostprocessing = 0;
		};
/* End PBXSourcesBuildPhase section */

/* Begin PBXVariantGroup section */
		A09A7A3728D409E900F10F80 /* LaunchScreen.storyboard */ = {
			isa = PBXVariantGroup;
			children = (
				A09A7A3828D409E900F10F80 /* Base */,
			);
			name = LaunchScreen.storyboard;
			sourceTree = "<group>";
		};
/* End PBXVariantGroup section */

/* Begin XCBuildConfiguration section */
		A09A7A3B28D409E900F10F80 /* Debug */ = {
			isa = XCBuildConfiguration;
			buildSettings = {
				ALWAYS_SEARCH_USER_PATHS = NO;
				CLANG_ANALYZER_NONNULL = YES;
				CLANG_ANALYZER_NUMBER_OBJECT_CONVERSION = YES_AGGRESSIVE;
				CLANG_CXX_LANGUAGE_STANDARD = "gnu++17";
				CLANG_ENABLE_MODULES = YES;
				CLANG_ENABLE_OBJC_ARC = YES;
				CLANG_ENABLE_OBJC_WEAK = YES;
				CLANG_WARN_BLOCK_CAPTURE_AUTORELEASING = YES;
				CLANG_WARN_BOOL_CONVERSION = YES;
				CLANG_WARN_COMMA = YES;
				CLANG_WARN_CONSTANT_CONVERSION = YES;
				CLANG_WARN_DEPRECATED_OBJC_IMPLEMENTATIONS = YES;
				CLANG_WARN_DIRECT_OBJC_ISA_USAGE = YES_ERROR;
				CLANG_WARN_DOCUMENTATION_COMMENTS = YES;
				CLANG_WARN_EMPTY_BODY = YES;
				CLANG_WARN_ENUM_CONVERSION = YES;
				CLANG_WARN_INFINITE_RECURSION = YES;
				CLANG_WARN_INT_CONVERSION = YES;
				CLANG_WARN_NON_LITERAL_NULL_CONVERSION = YES;
				CLANG_WARN_OBJC_IMPLICIT_RETAIN_SELF = YES;
				CLANG_WARN_OBJC_LITERAL_CONVERSION = YES;
				CLANG_WARN_OBJC_ROOT_CLASS = YES_ERROR;
				CLANG_WARN_QUOTED_INCLUDE_IN_FRAMEWORK_HEADER = YES;
				CLANG_WARN_RANGE_LOOP_ANALYSIS = YES;
				CLANG_WARN_STRICT_PROTOTYPES = YES;
				CLANG_WARN_SUSPICIOUS_MOVE = YES;
				CLANG_WARN_UNGUARDED_AVAILABILITY = YES_AGGRESSIVE;
				CLANG_WARN_UNREACHABLE_CODE = YES;
				CLANG_WARN__DUPLICATE_METHOD_MATCH = YES;
				COPY_PHASE_STRIP = NO;
				DEBUG_INFORMATION_FORMAT = dwarf;
				ENABLE_STRICT_OBJC_MSGSEND = YES;
				ENABLE_TESTABILITY = YES;
				GCC_C_LANGUAGE_STANDARD = gnu11;
				GCC_DYNAMIC_NO_PIC = NO;
				GCC_NO_COMMON_BLOCKS = YES;
				GCC_OPTIMIZATION_LEVEL = 0;
				GCC_PREPROCESSOR_DEFINITIONS = (
					"DEBUG=1",
					"$(inherited)",
				);
				GCC_WARN_64_TO_32_BIT_CONVERSION = YES;
				GCC_WARN_ABOUT_RETURN_TYPE = YES_ERROR;
				GCC_WARN_UNDECLARED_SELECTOR = YES;
				GCC_WARN_UNINITIALIZED_AUTOS = YES_AGGRESSIVE;
				GCC_WARN_UNUSED_FUNCTION = YES;
				GCC_WARN_UNUSED_VARIABLE = YES;
				IPHONEOS_DEPLOYMENT_TARGET = 15.5;
				MTL_ENABLE_DEBUG_INFO = INCLUDE_SOURCE;
				MTL_FAST_MATH = YES;
				ONLY_ACTIVE_ARCH = YES;
				SDKROOT = iphoneos;
				SWIFT_ACTIVE_COMPILATION_CONDITIONS = DEBUG;
				SWIFT_OPTIMIZATION_LEVEL = "-Onone";
			};
			name = Debug;
		};
		A09A7A3C28D409E900F10F80 /* Release */ = {
			isa = XCBuildConfiguration;
			buildSettings = {
				ALWAYS_SEARCH_USER_PATHS = NO;
				CLANG_ANALYZER_NONNULL = YES;
				CLANG_ANALYZER_NUMBER_OBJECT_CONVERSION = YES_AGGRESSIVE;
				CLANG_CXX_LANGUAGE_STANDARD = "gnu++17";
				CLANG_ENABLE_MODULES = YES;
				CLANG_ENABLE_OBJC_ARC = YES;
				CLANG_ENABLE_OBJC_WEAK = YES;
				CLANG_WARN_BLOCK_CAPTURE_AUTORELEASING = YES;
				CLANG_WARN_BOOL_CONVERSION = YES;
				CLANG_WARN_COMMA = YES;
				CLANG_WARN_CONSTANT_CONVERSION = YES;
				CLANG_WARN_DEPRECATED_OBJC_IMPLEMENTATIONS = YES;
				CLANG_WARN_DIRECT_OBJC_ISA_USAGE = YES_ERROR;
				CLANG_WARN_DOCUMENTATION_COMMENTS = YES;
				CLANG_WARN_EMPTY_BODY = YES;
				CLANG_WARN_ENUM_CONVERSION = YES;
				CLANG_WARN_INFINITE_RECURSION = YES;
				CLANG_WARN_INT_CONVERSION = YES;
				CLANG_WARN_NON_LITERAL_NULL_CONVERSION = YES;
				CLANG_WARN_OBJC_IMPLICIT_RETAIN_SELF = YES;
				CLANG_WARN_OBJC_LITERAL_CONVERSION = YES;
				CLANG_WARN_OBJC_ROOT_CLASS = YES_ERROR;
				CLANG_WARN_QUOTED_INCLUDE_IN_FRAMEWORK_HEADER = YES;
				CLANG_WARN_RANGE_LOOP_ANALYSIS = YES;
				CLANG_WARN_STRICT_PROTOTYPES = YES;
				CLANG_WARN_SUSPICIOUS_MOVE = YES;
				CLANG_WARN_UNGUARDED_AVAILABILITY = YES_AGGRESSIVE;
				CLANG_WARN_UNREACHABLE_CODE = YES;
				CLANG_WARN__DUPLICATE_METHOD_MATCH = YES;
				COPY_PHASE_STRIP = NO;
				DEBUG_INFORMATION_FORMAT = "dwarf-with-dsym";
				ENABLE_NS_ASSERTIONS = NO;
				ENABLE_STRICT_OBJC_MSGSEND = YES;
				GCC_C_LANGUAGE_STANDARD = gnu11;
				GCC_NO_COMMON_BLOCKS = YES;
				GCC_WARN_64_TO_32_BIT_CONVERSION = YES;
				GCC_WARN_ABOUT_RETURN_TYPE = YES_ERROR;
				GCC_WARN_UNDECLARED_SELECTOR = YES;
				GCC_WARN_UNINITIALIZED_AUTOS = YES_AGGRESSIVE;
				GCC_WARN_UNUSED_FUNCTION = YES;
				GCC_WARN_UNUSED_VARIABLE = YES;
				IPHONEOS_DEPLOYMENT_TARGET = 15.5;
				MTL_ENABLE_DEBUG_INFO = NO;
				MTL_FAST_MATH = YES;
				SDKROOT = iphoneos;
				SWIFT_COMPILATION_MODE = wholemodule;
				SWIFT_OPTIMIZATION_LEVEL = "-O";
				VALIDATE_PRODUCT = YES;
			};
			name = Release;
		};
		A09A7A3E28D409E900F10F80 /* Debug */ = {
			isa = XCBuildConfiguration;
			buildSettings = {
				ASSETCATALOG_COMPILER_APPICON_NAME = AppIcon;
				ASSETCATALOG_COMPILER_GLOBAL_ACCENT_COLOR_NAME = AccentColor;
				CODE_SIGN_STYLE = Automatic;
				CURRENT_PROJECT_VERSION = 1;
				DEVELOPMENT_TEAM = 8T7858M9PG;
				GENERATE_INFOPLIST_FILE = YES;
				INFOPLIST_FILE = GHFollowers/Info.plist;
				INFOPLIST_KEY_UIApplicationSupportsIndirectInputEvents = YES;
				INFOPLIST_KEY_UILaunchStoryboardName = LaunchScreen;
				INFOPLIST_KEY_UISupportedInterfaceOrientations = UIInterfaceOrientationPortrait;
				INFOPLIST_KEY_UISupportedInterfaceOrientations_iPad = "UIInterfaceOrientationPortrait UIInterfaceOrientationPortraitUpsideDown UIInterfaceOrientationLandscapeLeft UIInterfaceOrientationLandscapeRight";
				INFOPLIST_KEY_UISupportedInterfaceOrientations_iPhone = "UIInterfaceOrientationPortrait UIInterfaceOrientationLandscapeLeft UIInterfaceOrientationLandscapeRight";
				LD_RUNPATH_SEARCH_PATHS = (
					"$(inherited)",
					"@executable_path/Frameworks",
				);
				MARKETING_VERSION = 1.0;
				PRODUCT_BUNDLE_IDENTIFIER = sarkhan.GHFollowers;
				PRODUCT_NAME = "$(TARGET_NAME)";
				SWIFT_EMIT_LOC_STRINGS = YES;
				SWIFT_VERSION = 5.0;
				TARGETED_DEVICE_FAMILY = 1;
			};
			name = Debug;
		};
		A09A7A3F28D409E900F10F80 /* Release */ = {
			isa = XCBuildConfiguration;
			buildSettings = {
				ASSETCATALOG_COMPILER_APPICON_NAME = AppIcon;
				ASSETCATALOG_COMPILER_GLOBAL_ACCENT_COLOR_NAME = AccentColor;
				CODE_SIGN_STYLE = Automatic;
				CURRENT_PROJECT_VERSION = 1;
				DEVELOPMENT_TEAM = 8T7858M9PG;
				GENERATE_INFOPLIST_FILE = YES;
				INFOPLIST_FILE = GHFollowers/Info.plist;
				INFOPLIST_KEY_UIApplicationSupportsIndirectInputEvents = YES;
				INFOPLIST_KEY_UILaunchStoryboardName = LaunchScreen;
				INFOPLIST_KEY_UISupportedInterfaceOrientations = UIInterfaceOrientationPortrait;
				INFOPLIST_KEY_UISupportedInterfaceOrientations_iPad = "UIInterfaceOrientationPortrait UIInterfaceOrientationPortraitUpsideDown UIInterfaceOrientationLandscapeLeft UIInterfaceOrientationLandscapeRight";
				INFOPLIST_KEY_UISupportedInterfaceOrientations_iPhone = "UIInterfaceOrientationPortrait UIInterfaceOrientationLandscapeLeft UIInterfaceOrientationLandscapeRight";
				LD_RUNPATH_SEARCH_PATHS = (
					"$(inherited)",
					"@executable_path/Frameworks",
				);
				MARKETING_VERSION = 1.0;
				PRODUCT_BUNDLE_IDENTIFIER = sarkhan.GHFollowers;
				PRODUCT_NAME = "$(TARGET_NAME)";
				SWIFT_EMIT_LOC_STRINGS = YES;
				SWIFT_VERSION = 5.0;
				TARGETED_DEVICE_FAMILY = 1;
			};
			name = Release;
		};
/* End XCBuildConfiguration section */

/* Begin XCConfigurationList section */
		A09A7A2428D409E600F10F80 /* Build configuration list for PBXProject "GHFollowers" */ = {
			isa = XCConfigurationList;
			buildConfigurations = (
				A09A7A3B28D409E900F10F80 /* Debug */,
				A09A7A3C28D409E900F10F80 /* Release */,
			);
			defaultConfigurationIsVisible = 0;
			defaultConfigurationName = Release;
		};
		A09A7A3D28D409E900F10F80 /* Build configuration list for PBXNativeTarget "GHFollowers" */ = {
			isa = XCConfigurationList;
			buildConfigurations = (
				A09A7A3E28D409E900F10F80 /* Debug */,
				A09A7A3F28D409E900F10F80 /* Release */,
			);
			defaultConfigurationIsVisible = 0;
			defaultConfigurationName = Release;
		};
/* End XCConfigurationList section */
	};
	rootObject = A09A7A2128D409E600F10F80 /* Project object */;
}
